
Microsoft Visual Studio Solution File, Format Version 12.00
# Visual Studio Version 17
VisualStudioVersion = 17.5.002.0
MinimumVisualStudioVersion = 10.0.40219.1
Project("{9A19103F-16F7-4668-BE54-9A1E7A4F7556}") = "NCAAM_Web_App", "NCAAM_Web_App.csproj", "{A8BBD46C-1A80-48A7-ADF3-9178E5FB6862}"
EndProject
Global
	GlobalSection(SolutionConfigurationPlatforms) = preSolution
		Debug|Any CPU = Debug|Any CPU
		Release|Any CPU = Release|Any CPU
	EndGlobalSection
	GlobalSection(ProjectConfigurationPlatforms) = postSolution
		{A8BBD46C-1A80-48A7-ADF3-9178E5FB6862}.Debug|Any CPU.ActiveCfg = Debug|Any CPU
		{A8BBD46C-1A80-48A7-ADF3-9178E5FB6862}.Debug|Any CPU.Build.0 = Debug|Any CPU
		{A8BBD46C-1A80-48A7-ADF3-9178E5FB6862}.Release|Any CPU.ActiveCfg = Release|Any CPU
		{A8BBD46C-1A80-48A7-ADF3-9178E5FB6862}.Release|Any CPU.Build.0 = Release|Any CPU
	EndGlobalSection
	GlobalSection(SolutionProperties) = preSolution
		HideSolutionNode = FALSE
	EndGlobalSection
	GlobalSection(ExtensibilityGlobals) = postSolution
		SolutionGuid = {0144403C-9A6D-4A35-B847-E105268FE03E}
	EndGlobalSection
EndGlobal
